Microsoft Visual Studio Solution File, Format Version 12.00
# Visual Studio Version 17
VisualStudioVersion = 17.5.2.0
MinimumVisualStudioVersion = 10.0.40219.1
Project("{FAE04EC0-301F-11D3-BF4B-00C04F79EFBC}") = "CloudServiceCenter", "CloudServiceCenter.csproj", "{0C30DEC4-DF0C-5467-3828-EA6C6BCEF931}"
EndProject
Global
	GlobalSection(SolutionConfigurationPlatforms) = preSolution
		Debug|Any CPU = Debug|Any CPU
		Release|Any CPU = Release|Any CPU
	EndGlobalSection
	GlobalSection(ProjectConfigurationPlatforms) = postSolution
		{0C30DEC4-DF0C-5467-3828-EA6C6BCEF931}.Debug|Any CPU.ActiveCfg = Debug|Any CPU
		{0C30DEC4-DF0C-5467-3828-EA6C6BCEF931}.Debug|Any CPU.Build.0 = Debug|Any CPU
		{0C30DEC4-DF0C-5467-3828-EA6C6BCEF931}.Release|Any CPU.ActiveCfg = Release|Any CPU
		{0C30DEC4-DF0C-5467-3828-EA6C6BCEF931}.Release|Any CPU.Build.0 = Release|Any CPU
	EndGlobalSection
	GlobalSection(SolutionProperties) = preSolution
		HideSolutionNode = FALSE
	EndGlobalSection
	GlobalSection(ExtensibilityGlobals) = postSolution
		SolutionGuid = {A94F875A-A70F-40CA-81B4-9C25B5DCDE96}
	EndGlobalSection
EndGlobal
