
Microsoft Visual Studio Solution File, Format Version 12.00
# Visual Studio Version 17
VisualStudioVersion = 17.11.35312.102
MinimumVisualStudioVersion = 10.0.40219.1
Project("{2150E333-8FDC-42A3-9474-1A3956D46DE8}") = "Services", "Services", "{42B0730C-D5D3-4DB3-ABA9-8960E009820D}"
EndProject
Project("{2150E333-8FDC-42A3-9474-1A3956D46DE8}") = "DataLayers", "DataLayers", "{A8F027CA-0B5A-4418-9093-EC787AD3EDA3}"
EndProject
Project("{2150E333-8FDC-42A3-9474-1A3956D46DE8}") = "AccessLayers", "AccessLayers", "{2B1B4E81-C4C0-4A1B-A040-D4745D99BE46}"
EndProject
Project("{9A19103F-16F7-4668-BE54-9A1E7A4F7556}") = "Identity_API", "Identity_API\Identity_API.csproj", "{B0B7FE2E-1A17-49FE-BC29-46ACCDC4253F}"
EndProject
Project("{9A19103F-16F7-4668-BE54-9A1E7A4F7556}") = "Postcode_API", "Postcode_API\Postcode_API.csproj", "{D909831E-965D-4799-B540-365D37F2835B}"
EndProject
Project("{9A19103F-16F7-4668-BE54-9A1E7A4F7556}") = "Auth_API", "Auth_API\Auth_API.csproj", "{798D2CFF-17FD-4D8A-A367-8F0313EE72F0}"
EndProject
Project("{9A19103F-16F7-4668-BE54-9A1E7A4F7556}") = "TempRegister_API", "TempRegister_API\TempRegister_API.csproj", "{E05D2ADE-8CB7-4088-8BC6-FCC34332A9C5}"
EndProject
Project("{9A19103F-16F7-4668-BE54-9A1E7A4F7556}") = "User_API", "User_API\User_API.csproj", "{18CF4404-0B7B-4AF0-8679-F488D9C16DB6}"
EndProject
Project("{2150E333-8FDC-42A3-9474-1A3956D46DE8}") = "Cores", "Cores", "{CA0A645C-1C07-4F47-A6CC-FC01D45AD1A7}"
EndProject
Project("{FAE04EC0-301F-11D3-BF4B-00C04F79EFBC}") = "HUBT_Social_Core", "..\HUBT_Social_Core\HUBT_Social_Core\HUBT_Social_Core.csproj", "{04481916-E431-4794-A3C8-D335A130AABC}"
EndProject
Project("{FAE04EC0-301F-11D3-BF4B-00C04F79EFBC}") = "HUBT_Social_Base", "..\HUBT_Social_Core\HUBT_Social_Base\HUBT_Social_Base.csproj", "{1F874605-A3C7-48B9-9DE5-0442F0426E20}"
EndProject
Project("{FAE04EC0-301F-11D3-BF4B-00C04F79EFBC}") = "HUBT_Social_Identity_Service", "..\HUBT_Social_Core\HUBT_Social_Identity_Service\HUBT_Social_Identity_Service.csproj", "{ED23833D-110D-4B88-86B2-F10CB08A9ABC}"
EndProject
Project("{FAE04EC0-301F-11D3-BF4B-00C04F79EFBC}") = "HUBT_Social_MongoDb_Service", "..\HUBT_Social_Core\HUBT_Social_MongoDb_Service\HUBT_Social_MongoDb_Service.csproj", "{941FF2F8-2175-461B-AB1E-CA6E32506258}"
EndProject
Project("{FAE04EC0-301F-11D3-BF4B-00C04F79EFBC}") = "HUBT_Social_Email_Service", "..\HUBT_Social_Core\HUBT_Social_Email_Service\HUBT_Social_Email_Service.csproj", "{30FE56A6-2A26-4026-8B42-5D5A838C71F2}"
EndProject
Project("{FAE04EC0-301F-11D3-BF4B-00C04F79EFBC}") = "TestLibary", "..\HUBT_Social_Core\TestLibary\TestLibary.csproj", "{09BF4312-7063-4225-BF38-4CC97A22ED2F}"
EndProject
Project("{2150E333-8FDC-42A3-9474-1A3956D46DE8}") = "Gateway", "Gateway", "{AF5AEAA3-D71C-4424-8CB7-09722D01F1DF}"
EndProject
Project("{2150E333-8FDC-42A3-9474-1A3956D46DE8}") = "HUBTDATA", "HUBTDATA", "{C36B813C-F83F-42DD-B2D4-3A7043E25753}"
EndProject
Project("{FAE04EC0-301F-11D3-BF4B-00C04F79EFBC}") = "Out_Source_Data", "Out_Source_Data\Out_Source_Data.csproj", "{42911368-8D9C-41C4-9016-FDADDE2F25E6}"
EndProject
Project("{FAE04EC0-301F-11D3-BF4B-00C04F79EFBC}") = "Gateway_API", "Gateway_API\Gateway_API.csproj", "{FCE8BF69-9BBB-41F1-AB36-78735C93965F}"
EndProject
Project("{FAE04EC0-301F-11D3-BF4B-00C04F79EFBC}") = "HUBT_Social_Firebase", "HUBT_Social_Firebase\HUBT_Social_Firebase.csproj", "{50F2390F-B192-448B-8E3E-0A8EA5DD3850}"
EndProject
Project("{FAE04EC0-301F-11D3-BF4B-00C04F79EFBC}") = "Notation_API", "Notation_API\Notation_API.csproj", "{D341C6C0-3ADA-45AA-BEA6-D4159A270D58}"
EndProject
Global
	GlobalSection(SolutionConfigurationPlatforms) = preSolution
		Debug|Any CPU = Debug|Any CPU
		Release|Any CPU = Release|Any CPU
	EndGlobalSection
	GlobalSection(ProjectConfigurationPlatforms) = postSolution
		{B0B7FE2E-1A17-49FE-BC29-46ACCDC4253F}.Debug|Any CPU.ActiveCfg = Debug|Any CPU
		{B0B7FE2E-1A17-49FE-BC29-46ACCDC4253F}.Debug|Any CPU.Build.0 = Debug|Any CPU
		{B0B7FE2E-1A17-49FE-BC29-46ACCDC4253F}.Release|Any CPU.ActiveCfg = Release|Any CPU
		{B0B7FE2E-1A17-49FE-BC29-46ACCDC4253F}.Release|Any CPU.Build.0 = Release|Any CPU
		{D909831E-965D-4799-B540-365D37F2835B}.Debug|Any CPU.ActiveCfg = Debug|Any CPU
		{D909831E-965D-4799-B540-365D37F2835B}.Debug|Any CPU.Build.0 = Debug|Any CPU
		{D909831E-965D-4799-B540-365D37F2835B}.Release|Any CPU.ActiveCfg = Release|Any CPU
		{D909831E-965D-4799-B540-365D37F2835B}.Release|Any CPU.Build.0 = Release|Any CPU
		{798D2CFF-17FD-4D8A-A367-8F0313EE72F0}.Debug|Any CPU.ActiveCfg = Debug|Any CPU
		{798D2CFF-17FD-4D8A-A367-8F0313EE72F0}.Debug|Any CPU.Build.0 = Debug|Any CPU
		{798D2CFF-17FD-4D8A-A367-8F0313EE72F0}.Release|Any CPU.ActiveCfg = Release|Any CPU
		{798D2CFF-17FD-4D8A-A367-8F0313EE72F0}.Release|Any CPU.Build.0 = Release|Any CPU
		{E05D2ADE-8CB7-4088-8BC6-FCC34332A9C5}.Debug|Any CPU.ActiveCfg = Debug|Any CPU
		{E05D2ADE-8CB7-4088-8BC6-FCC34332A9C5}.Debug|Any CPU.Build.0 = Debug|Any CPU
		{E05D2ADE-8CB7-4088-8BC6-FCC34332A9C5}.Release|Any CPU.ActiveCfg = Release|Any CPU
		{E05D2ADE-8CB7-4088-8BC6-FCC34332A9C5}.Release|Any CPU.Build.0 = Release|Any CPU
		{18CF4404-0B7B-4AF0-8679-F488D9C16DB6}.Debug|Any CPU.ActiveCfg = Debug|Any CPU
		{18CF4404-0B7B-4AF0-8679-F488D9C16DB6}.Debug|Any CPU.Build.0 = Debug|Any CPU
		{18CF4404-0B7B-4AF0-8679-F488D9C16DB6}.Release|Any CPU.ActiveCfg = Release|Any CPU
		{18CF4404-0B7B-4AF0-8679-F488D9C16DB6}.Release|Any CPU.Build.0 = Release|Any CPU
		{04481916-E431-4794-A3C8-D335A130AABC}.Debug|Any CPU.ActiveCfg = Debug|Any CPU
		{04481916-E431-4794-A3C8-D335A130AABC}.Debug|Any CPU.Build.0 = Debug|Any CPU
		{04481916-E431-4794-A3C8-D335A130AABC}.Release|Any CPU.ActiveCfg = Release|Any CPU
		{04481916-E431-4794-A3C8-D335A130AABC}.Release|Any CPU.Build.0 = Release|Any CPU
		{1F874605-A3C7-48B9-9DE5-0442F0426E20}.Debug|Any CPU.ActiveCfg = Debug|Any CPU
		{1F874605-A3C7-48B9-9DE5-0442F0426E20}.Debug|Any CPU.Build.0 = Debug|Any CPU
		{1F874605-A3C7-48B9-9DE5-0442F0426E20}.Release|Any CPU.ActiveCfg = Release|Any CPU
		{1F874605-A3C7-48B9-9DE5-0442F0426E20}.Release|Any CPU.Build.0 = Release|Any CPU
		{ED23833D-110D-4B88-86B2-F10CB08A9ABC}.Debug|Any CPU.ActiveCfg = Debug|Any CPU
		{ED23833D-110D-4B88-86B2-F10CB08A9ABC}.Debug|Any CPU.Build.0 = Debug|Any CPU
		{ED23833D-110D-4B88-86B2-F10CB08A9ABC}.Release|Any CPU.ActiveCfg = Release|Any CPU
		{ED23833D-110D-4B88-86B2-F10CB08A9ABC}.Release|Any CPU.Build.0 = Release|Any CPU
		{941FF2F8-2175-461B-AB1E-CA6E32506258}.Debug|Any CPU.ActiveCfg = Debug|Any CPU
		{941FF2F8-2175-461B-AB1E-CA6E32506258}.Debug|Any CPU.Build.0 = Debug|Any CPU
		{941FF2F8-2175-461B-AB1E-CA6E32506258}.Release|Any CPU.ActiveCfg = Release|Any CPU
		{941FF2F8-2175-461B-AB1E-CA6E32506258}.Release|Any CPU.Build.0 = Release|Any CPU
		{30FE56A6-2A26-4026-8B42-5D5A838C71F2}.Debug|Any CPU.ActiveCfg = Debug|Any CPU
		{30FE56A6-2A26-4026-8B42-5D5A838C71F2}.Debug|Any CPU.Build.0 = Debug|Any CPU
		{30FE56A6-2A26-4026-8B42-5D5A838C71F2}.Release|Any CPU.ActiveCfg = Release|Any CPU
		{30FE56A6-2A26-4026-8B42-5D5A838C71F2}.Release|Any CPU.Build.0 = Release|Any CPU
		{09BF4312-7063-4225-BF38-4CC97A22ED2F}.Debug|Any CPU.ActiveCfg = Debug|Any CPU
		{09BF4312-7063-4225-BF38-4CC97A22ED2F}.Debug|Any CPU.Build.0 = Debug|Any CPU
		{09BF4312-7063-4225-BF38-4CC97A22ED2F}.Release|Any CPU.ActiveCfg = Release|Any CPU
		{09BF4312-7063-4225-BF38-4CC97A22ED2F}.Release|Any CPU.Build.0 = Release|Any CPU
		{42911368-8D9C-41C4-9016-FDADDE2F25E6}.Debug|Any CPU.ActiveCfg = Debug|Any CPU
		{42911368-8D9C-41C4-9016-FDADDE2F25E6}.Debug|Any CPU.Build.0 = Debug|Any CPU
		{42911368-8D9C-41C4-9016-FDADDE2F25E6}.Release|Any CPU.ActiveCfg = Release|Any CPU
		{42911368-8D9C-41C4-9016-FDADDE2F25E6}.Release|Any CPU.Build.0 = Release|Any CPU
		{FCE8BF69-9BBB-41F1-AB36-78735C93965F}.Debug|Any CPU.ActiveCfg = Debug|Any CPU
		{FCE8BF69-9BBB-41F1-AB36-78735C93965F}.Debug|Any CPU.Build.0 = Debug|Any CPU
		{FCE8BF69-9BBB-41F1-AB36-78735C93965F}.Release|Any CPU.ActiveCfg = Release|Any CPU
		{FCE8BF69-9BBB-41F1-AB36-78735C93965F}.Release|Any CPU.Build.0 = Release|Any CPU
		{50F2390F-B192-448B-8E3E-0A8EA5DD3850}.Debug|Any CPU.ActiveCfg = Debug|Any CPU
		{50F2390F-B192-448B-8E3E-0A8EA5DD3850}.Debug|Any CPU.Build.0 = Debug|Any CPU
		{50F2390F-B192-448B-8E3E-0A8EA5DD3850}.Release|Any CPU.ActiveCfg = Release|Any CPU
		{50F2390F-B192-448B-8E3E-0A8EA5DD3850}.Release|Any CPU.Build.0 = Release|Any CPU
		{D341C6C0-3ADA-45AA-BEA6-D4159A270D58}.Debug|Any CPU.ActiveCfg = Debug|Any CPU
		{D341C6C0-3ADA-45AA-BEA6-D4159A270D58}.Debug|Any CPU.Build.0 = Debug|Any CPU
		{D341C6C0-3ADA-45AA-BEA6-D4159A270D58}.Release|Any CPU.ActiveCfg = Release|Any CPU
		{D341C6C0-3ADA-45AA-BEA6-D4159A270D58}.Release|Any CPU.Build.0 = Release|Any CPU
	EndGlobalSection
	GlobalSection(SolutionProperties) = preSolution
		HideSolutionNode = FALSE
	EndGlobalSection
	GlobalSection(NestedProjects) = preSolution
		{A8F027CA-0B5A-4418-9093-EC787AD3EDA3} = {42B0730C-D5D3-4DB3-ABA9-8960E009820D}
		{2B1B4E81-C4C0-4A1B-A040-D4745D99BE46} = {42B0730C-D5D3-4DB3-ABA9-8960E009820D}
		{B0B7FE2E-1A17-49FE-BC29-46ACCDC4253F} = {A8F027CA-0B5A-4418-9093-EC787AD3EDA3}
		{D909831E-965D-4799-B540-365D37F2835B} = {A8F027CA-0B5A-4418-9093-EC787AD3EDA3}
		{798D2CFF-17FD-4D8A-A367-8F0313EE72F0} = {2B1B4E81-C4C0-4A1B-A040-D4745D99BE46}
		{E05D2ADE-8CB7-4088-8BC6-FCC34332A9C5} = {A8F027CA-0B5A-4418-9093-EC787AD3EDA3}
		{18CF4404-0B7B-4AF0-8679-F488D9C16DB6} = {2B1B4E81-C4C0-4A1B-A040-D4745D99BE46}
		{04481916-E431-4794-A3C8-D335A130AABC} = {CA0A645C-1C07-4F47-A6CC-FC01D45AD1A7}
		{1F874605-A3C7-48B9-9DE5-0442F0426E20} = {CA0A645C-1C07-4F47-A6CC-FC01D45AD1A7}
		{ED23833D-110D-4B88-86B2-F10CB08A9ABC} = {CA0A645C-1C07-4F47-A6CC-FC01D45AD1A7}
		{941FF2F8-2175-461B-AB1E-CA6E32506258} = {CA0A645C-1C07-4F47-A6CC-FC01D45AD1A7}
		{30FE56A6-2A26-4026-8B42-5D5A838C71F2} = {CA0A645C-1C07-4F47-A6CC-FC01D45AD1A7}
		{09BF4312-7063-4225-BF38-4CC97A22ED2F} = {CA0A645C-1C07-4F47-A6CC-FC01D45AD1A7}
		{C36B813C-F83F-42DD-B2D4-3A7043E25753} = {42B0730C-D5D3-4DB3-ABA9-8960E009820D}
		{42911368-8D9C-41C4-9016-FDADDE2F25E6} = {C36B813C-F83F-42DD-B2D4-3A7043E25753}
		{FCE8BF69-9BBB-41F1-AB36-78735C93965F} = {AF5AEAA3-D71C-4424-8CB7-09722D01F1DF}
		{50F2390F-B192-448B-8E3E-0A8EA5DD3850} = {CA0A645C-1C07-4F47-A6CC-FC01D45AD1A7}
		{D341C6C0-3ADA-45AA-BEA6-D4159A270D58} = {2B1B4E81-C4C0-4A1B-A040-D4745D99BE46}
	EndGlobalSection
	GlobalSection(ExtensibilityGlobals) = postSolution
		SolutionGuid = {D1A8AE12-92AC-4734-9D17-A1724DD8C383}
	EndGlobalSection
EndGlobal
